// !$*UTF8*$!
{
	archiveVersion = 1;
	classes = {
	};
	objectVersion = 51;
	objects = {

/* Begin PBXBuildFile section */
		6E10E5772529064D003B66F6 /* CommonViews.swift in Sources */ = {isa = PBXBuildFile; fileRef = 6E10E5762529064D003B66F6 /* CommonViews.swift */; };
		6E49DE2725408CB40011B082 /* ProfileView.swift in Sources */ = {isa = PBXBuildFile; fileRef = 6E49DE2625408CB40011B082 /* ProfileView.swift */; };
		6E49DE2B25408D670011B082 /* ProfileViewModel.swift in Sources */ = {isa = PBXBuildFile; fileRef = 6E49DE2A25408D670011B082 /* ProfileViewModel.swift */; };
		6E794F2A2528EBB60058C2EF /* CloudKit.framework in Frameworks */ = {isa = PBXBuildFile; fileRef = 6E794F292528EBB60058C2EF /* CloudKit.framework */; };
		6E8167182528A3F200670C33 /* LikkleApp.swift in Sources */ = {isa = PBXBuildFile; fileRef = 6E8167172528A3F200670C33 /* LikkleApp.swift */; };
		6E81671A2528A3F200670C33 /* SearchHomeView.swift in Sources */ = {isa = PBXBuildFile; fileRef = 6E8167192528A3F200670C33 /* SearchHomeView.swift */; };
		6E81671C2528A40000670C33 /* Assets.xcassets in Resources */ = {isa = PBXBuildFile; fileRef = 6E81671B2528A40000670C33 /* Assets.xcassets */; };
		6E81671F2528A40000670C33 /* Preview Assets.xcassets in Resources */ = {isa = PBXBuildFile; fileRef = 6E81671E2528A40000670C33 /* Preview Assets.xcassets */; };
		6E8167212528A40000670C33 /* Persistence.swift in Sources */ = {isa = PBXBuildFile; fileRef = 6E8167202528A40000670C33 /* Persistence.swift */; };
		6E8167242528A40000670C33 /* Likkle.xcdatamodeld in Sources */ = {isa = PBXBuildFile; fileRef = 6E8167222528A40000670C33 /* Likkle.xcdatamodeld */; };
		6EDCD42A2528F13B00B5B1C6 /* ContentView.swift in Sources */ = {isa = PBXBuildFile; fileRef = 6EDCD4292528F13B00B5B1C6 /* ContentView.swift */; };
		6EDCD4302528F2A100B5B1C6 /* SettingsView.swift in Sources */ = {isa = PBXBuildFile; fileRef = 6EDCD42F2528F2A100B5B1C6 /* SettingsView.swift */; };
		6EDCD4352528F30800B5B1C6 /* SettingsViewModel.swift in Sources */ = {isa = PBXBuildFile; fileRef = 6EDCD4342528F30800B5B1C6 /* SettingsViewModel.swift */; };
		6EDCD4382528F33000B5B1C6 /* SettingsDetailView.swift in Sources */ = {isa = PBXBuildFile; fileRef = 6EDCD4372528F33000B5B1C6 /* SettingsDetailView.swift */; };
		6EDCD43B2528F41300B5B1C6 /* SearchHomeViewModel.swift in Sources */ = {isa = PBXBuildFile; fileRef = 6EDCD43A2528F41300B5B1C6 /* SearchHomeViewModel.swift */; };
		6EDCD43E2528FF7200B5B1C6 /* AddPostView.swift in Sources */ = {isa = PBXBuildFile; fileRef = 6EDCD43D2528FF7200B5B1C6 /* AddPostView.swift */; };
		6EDCD4422528FF8700B5B1C6 /* AddPostViewModel.swift in Sources */ = {isa = PBXBuildFile; fileRef = 6EDCD4412528FF8700B5B1C6 /* AddPostViewModel.swift */; };
		FBFF0B7C5498E664D4563224 /* Pods_Likkle.framework in Frameworks */ = {isa = PBXBuildFile; fileRef = 9C38A696E87C00B6E5685F60 /* Pods_Likkle.framework */; };
/* End PBXBuildFile section */

/* Begin PBXFileReference section */
		0703CC8866C8BFB507CE13F4 /* Pods-Likkle.release.xcconfig */ = {isa = PBXFileReference; includeInIndex = 1; lastKnownFileType = text.xcconfig; name = "Pods-Likkle.release.xcconfig"; path = "Target Support Files/Pods-Likkle/Pods-Likkle.release.xcconfig"; sourceTree = "<group>"; };
		390F090240AA6DD9BF54C1C9 /* Pods-Likkle.debug.xcconfig */ = {isa = PBXFileReference; includeInIndex = 1; lastKnownFileType = text.xcconfig; name = "Pods-Likkle.debug.xcconfig"; path = "Target Support Files/Pods-Likkle/Pods-Likkle.debug.xcconfig"; sourceTree = "<group>"; };
		6E10E5762529064D003B66F6 /* CommonViews.swift */ = {isa = PBXFileReference; lastKnownFileType = sourcecode.swift; path = CommonViews.swift; sourceTree = "<group>"; };
		6E49DE2625408CB40011B082 /* ProfileView.swift */ = {isa = PBXFileReference; lastKnownFileType = sourcecode.swift; path = ProfileView.swift; sourceTree = "<group>"; };
		6E49DE2A25408D670011B082 /* ProfileViewModel.swift */ = {isa = PBXFileReference; lastKnownFileType = sourcecode.swift; path = ProfileViewModel.swift; sourceTree = "<group>"; };
		6E794F262528EB8E0058C2EF /* Likkle.entitlements */ = {isa = PBXFileReference; lastKnownFileType = text.plist.entitlements; path = Likkle.entitlements; sourceTree = "<group>"; };
		6E794F292528EBB60058C2EF /* CloudKit.framework */ = {isa = PBXFileReference; lastKnownFileType = wrapper.framework; name = CloudKit.framework; path = System/Library/Frameworks/CloudKit.framework; sourceTree = SDKROOT; };
		6E8167142528A3F200670C33 /* Likkle.app */ = {isa = PBXFileReference; explicitFileType = wrapper.application; includeInIndex = 0; path = Likkle.app; sourceTree = BUILT_PRODUCTS_DIR; };
		6E8167172528A3F200670C33 /* LikkleApp.swift */ = {isa = PBXFileReference; lastKnownFileType = sourcecode.swift; path = LikkleApp.swift; sourceTree = "<group>"; };
		6E8167192528A3F200670C33 /* SearchHomeView.swift */ = {isa = PBXFileReference; lastKnownFileType = sourcecode.swift; path = SearchHomeView.swift; sourceTree = "<group>"; };
		6E81671B2528A40000670C33 /* Assets.xcassets */ = {isa = PBXFileReference; lastKnownFileType = folder.assetcatalog; path = Assets.xcassets; sourceTree = "<group>"; };
		6E81671E2528A40000670C33 /* Preview Assets.xcassets */ = {isa = PBXFileReference; lastKnownFileType = folder.assetcatalog; path = "Preview Assets.xcassets"; sourceTree = "<group>"; };
		6E8167202528A40000670C33 /* Persistence.swift */ = {isa = PBXFileReference; lastKnownFileType = sourcecode.swift; path = Persistence.swift; sourceTree = "<group>"; };
		6E8167232528A40000670C33 /* Likkle.xcdatamodel */ = {isa = PBXFileReference; lastKnownFileType = wrapper.xcdatamodel; path = Likkle.xcdatamodel; sourceTree = "<group>"; };
		6E8167252528A40000670C33 /* Info.plist */ = {isa = PBXFileReference; lastKnownFileType = text.plist.xml; path = Info.plist; sourceTree = "<group>"; };
		6EDCD4292528F13B00B5B1C6 /* ContentView.swift */ = {isa = PBXFileReference; lastKnownFileType = sourcecode.swift; path = ContentView.swift; sourceTree = "<group>"; };
		6EDCD42F2528F2A100B5B1C6 /* SettingsView.swift */ = {isa = PBXFileReference; lastKnownFileType = sourcecode.swift; path = SettingsView.swift; sourceTree = "<group>"; };
		6EDCD4342528F30800B5B1C6 /* SettingsViewModel.swift */ = {isa = PBXFileReference; lastKnownFileType = sourcecode.swift; path = SettingsViewModel.swift; sourceTree = "<group>"; };
		6EDCD4372528F33000B5B1C6 /* SettingsDetailView.swift */ = {isa = PBXFileReference; lastKnownFileType = sourcecode.swift; path = SettingsDetailView.swift; sourceTree = "<group>"; };
		6EDCD43A2528F41300B5B1C6 /* SearchHomeViewModel.swift */ = {isa = PBXFileReference; lastKnownFileType = sourcecode.swift; path = SearchHomeViewModel.swift; sourceTree = "<group>"; };
		6EDCD43D2528FF7200B5B1C6 /* AddPostView.swift */ = {isa = PBXFileReference; lastKnownFileType = sourcecode.swift; path = AddPostView.swift; sourceTree = "<group>"; };
		6EDCD4412528FF8700B5B1C6 /* AddPostViewModel.swift */ = {isa = PBXFileReference; lastKnownFileType = sourcecode.swift; path = AddPostViewModel.swift; sourceTree = "<group>"; };
		9C38A696E87C00B6E5685F60 /* Pods_Likkle.framework */ = {isa = PBXFileReference; explicitFileType = wrapper.framework; includeInIndex = 0; path = Pods_Likkle.framework; sourceTree = BUILT_PRODUCTS_DIR; };
/* End PBXFileReference section */

/* Begin PBXFrameworksBuildPhase section */
		6E8167112528A3F200670C33 /* Frameworks */ = {
			isa = PBXFrameworksBuildPhase;
			buildActionMask = 2147483647;
			files = (
				6E794F2A2528EBB60058C2EF /* CloudKit.framework in Frameworks */,
				FBFF0B7C5498E664D4563224 /* Pods_Likkle.framework in Frameworks */,
			);
			runOnlyForDeploymentPostprocessing = 0;
		};
/* End PBXFrameworksBuildPhase section */

/* Begin PBXGroup section */
		6E49DE2525408C970011B082 /* Common Views */ = {
			isa = PBXGroup;
			children = (
				6E10E5762529064D003B66F6 /* CommonViews.swift */,
			);
			path = "Common Views";
			sourceTree = "<group>";
		};
		6E49DE2925408D510011B082 /* Profile View */ = {
			isa = PBXGroup;
			children = (
				6E49DE2625408CB40011B082 /* ProfileView.swift */,
				6E49DE2A25408D670011B082 /* ProfileViewModel.swift */,
			);
			path = "Profile View";
			sourceTree = "<group>";
		};
		6E794F282528EBB60058C2EF /* Frameworks */ = {
			isa = PBXGroup;
			children = (
				6E794F292528EBB60058C2EF /* CloudKit.framework */,
				9C38A696E87C00B6E5685F60 /* Pods_Likkle.framework */,
			);
			name = Frameworks;
			sourceTree = "<group>";
		};
		6E81670B2528A3F200670C33 = {
			isa = PBXGroup;
			children = (
				6E8167162528A3F200670C33 /* Likkle */,
				6E8167152528A3F200670C33 /* Products */,
				6E794F282528EBB60058C2EF /* Frameworks */,
				EAEEC9163DE7334BC801AB1F /* Pods */,
			);
			sourceTree = "<group>";
		};
		6E8167152528A3F200670C33 /* Products */ = {
			isa = PBXGroup;
			children = (
				6E8167142528A3F200670C33 /* Likkle.app */,
			);
			name = Products;
			sourceTree = "<group>";
		};
		6E8167162528A3F200670C33 /* Likkle */ = {
			isa = PBXGroup;
			children = (
				6E794F262528EB8E0058C2EF /* Likkle.entitlements */,
				6E8167172528A3F200670C33 /* LikkleApp.swift */,
				6EDCD4292528F13B00B5B1C6 /* ContentView.swift */,
				6E49DE2925408D510011B082 /* Profile View */,
				6E49DE2525408C970011B082 /* Common Views */,
				6EDCD4402528FF7600B5B1C6 /* Add Post View */,
				6EDCD4322528F2F800B5B1C6 /* Settings View */,
				6EDCD42D2528F28A00B5B1C6 /* Search Home View */,
				6E81671B2528A40000670C33 /* Assets.xcassets */,
				6E8167202528A40000670C33 /* Persistence.swift */,
				6E8167252528A40000670C33 /* Info.plist */,
				6E8167222528A40000670C33 /* Likkle.xcdatamodeld */,
				6E81671D2528A40000670C33 /* Preview Content */,
			);
			path = Likkle;
			sourceTree = "<group>";
		};
		6E81671D2528A40000670C33 /* Preview Content */ = {
			isa = PBXGroup;
			children = (
				6E81671E2528A40000670C33 /* Preview Assets.xcassets */,
			);
			path = "Preview Content";
			sourceTree = "<group>";
		};
		6EDCD42D2528F28A00B5B1C6 /* Search Home View */ = {
			isa = PBXGroup;
			children = (
				6E8167192528A3F200670C33 /* SearchHomeView.swift */,
				6EDCD43A2528F41300B5B1C6 /* SearchHomeViewModel.swift */,
			);
			path = "Search Home View";
			sourceTree = "<group>";
		};
		6EDCD4322528F2F800B5B1C6 /* Settings View */ = {
			isa = PBXGroup;
			children = (
				6EDCD42F2528F2A100B5B1C6 /* SettingsView.swift */,
				6EDCD4372528F33000B5B1C6 /* SettingsDetailView.swift */,
				6EDCD4342528F30800B5B1C6 /* SettingsViewModel.swift */,
			);
			path = "Settings View";
			sourceTree = "<group>";
		};
		6EDCD4402528FF7600B5B1C6 /* Add Post View */ = {
			isa = PBXGroup;
			children = (
				6EDCD43D2528FF7200B5B1C6 /* AddPostView.swift */,
				6EDCD4412528FF8700B5B1C6 /* AddPostViewModel.swift */,
			);
			path = "Add Post View";
			sourceTree = "<group>";
		};
		EAEEC9163DE7334BC801AB1F /* Pods */ = {
			isa = PBXGroup;
			children = (
				390F090240AA6DD9BF54C1C9 /* Pods-Likkle.debug.xcconfig */,
				0703CC8866C8BFB507CE13F4 /* Pods-Likkle.release.xcconfig */,
			);
			path = Pods;
			sourceTree = "<group>";
		};
/* End PBXGroup section */

/* Begin PBXNativeTarget section */
		6E8167132528A3F200670C33 /* Likkle */ = {
			isa = PBXNativeTarget;
			buildConfigurationList = 6E8167282528A40000670C33 /* Build configuration list for PBXNativeTarget "Likkle" */;
			buildPhases = (
				F055F4D533090029F816581F /* [CP] Check Pods Manifest.lock */,
				6E8167102528A3F200670C33 /* Sources */,
				6E8167112528A3F200670C33 /* Frameworks */,
				6E8167122528A3F200670C33 /* Resources */,
				EAD3E69605983330F619ECA7 /* [CP] Embed Pods Frameworks */,
			);
			buildRules = (
			);
			dependencies = (
			);
			name = Likkle;
			productName = Likkle;
			productReference = 6E8167142528A3F200670C33 /* Likkle.app */;
			productType = "com.apple.product-type.application";
		};
/* End PBXNativeTarget section */

/* Begin PBXProject section */
		6E81670C2528A3F200670C33 /* Project object */ = {
			isa = PBXProject;
			attributes = {
				LastSwiftUpdateCheck = 1200;
				LastUpgradeCheck = 1200;
				TargetAttributes = {
					6E8167132528A3F200670C33 = {
						CreatedOnToolsVersion = 12.0.1;
					};
				};
			};
			buildConfigurationList = 6E81670F2528A3F200670C33 /* Build configuration list for PBXProject "Likkle" */;
			compatibilityVersion = "Xcode 9.3";
			developmentRegion = en;
			hasScannedForEncodings = 0;
			knownRegions = (
				en,
				Base,
			);
			mainGroup = 6E81670B2528A3F200670C33;
			productRefGroup = 6E8167152528A3F200670C33 /* Products */;
			projectDirPath = "";
			projectRoot = "";
			targets = (
				6E8167132528A3F200670C33 /* Likkle */,
			);
		};
/* End PBXProject section */

/* Begin PBXResourcesBuildPhase section */
		6E8167122528A3F200670C33 /* Resources */ = {
			isa = PBXResourcesBuildPhase;
			buildActionMask = 2147483647;
			files = (
				6E81671F2528A40000670C33 /* Preview Assets.xcassets in Resources */,
				6E81671C2528A40000670C33 /* Assets.xcassets in Resources */,
			);
			runOnlyForDeploymentPostprocessing = 0;
		};
/* End PBXResourcesBuildPhase section */

/* Begin PBXShellScriptBuildPhase section */
		EAD3E69605983330F619ECA7 /* [CP] Embed Pods Frameworks */ = {
			isa = PBXShellScriptBuildPhase;
			buildActionMask = 2147483647;
			files = (
			);
			inputFileListPaths = (
				"${PODS_ROOT}/Target Support Files/Pods-Likkle/Pods-Likkle-frameworks-${CONFIGURATION}-input-files.xcfilelist",
			);
			name = "[CP] Embed Pods Frameworks";
			outputFileListPaths = (
				"${PODS_ROOT}/Target Support Files/Pods-Likkle/Pods-Likkle-frameworks-${CONFIGURATION}-output-files.xcfilelist",
			);
			runOnlyForDeploymentPostprocessing = 0;
			shellPath = /bin/sh;
			shellScript = "\"${PODS_ROOT}/Target Support Files/Pods-Likkle/Pods-Likkle-frameworks.sh\"\n";
			showEnvVarsInLog = 0;
		};
		F055F4D533090029F816581F /* [CP] Check Pods Manifest.lock */ = {
			isa = PBXShellScriptBuildPhase;
			buildActionMask = 2147483647;
			files = (
			);
			inputFileListPaths = (
			);
			inputPaths = (
				"${PODS_PODFILE_DIR_PATH}/Podfile.lock",
				"${PODS_ROOT}/Manifest.lock",
			);
			name = "[CP] Check Pods Manifest.lock";
			outputFileListPaths = (
			);
			outputPaths = (
				"$(DERIVED_FILE_DIR)/Pods-Likkle-checkManifestLockResult.txt",
			);
			runOnlyForDeploymentPostprocessing = 0;
			shellPath = /bin/sh;
			shellScript = "diff \"${PODS_PODFILE_DIR_PATH}/Podfile.lock\" \"${PODS_ROOT}/Manifest.lock\" > /dev/null\nif [ $? != 0 ] ; then\n    # print error to STDERR\n    echo \"error: The sandbox is not in sync with the Podfile.lock. Run 'pod install' or update your CocoaPods installation.\" >&2\n    exit 1\nfi\n# This output is used by Xcode 'outputs' to avoid re-running this script phase.\necho \"SUCCESS\" > \"${SCRIPT_OUTPUT_FILE_0}\"\n";
			showEnvVarsInLog = 0;
		};
/* End PBXShellScriptBuildPhase section */

/* Begin PBXSourcesBuildPhase section */
		6E8167102528A3F200670C33 /* Sources */ = {
			isa = PBXSourcesBuildPhase;
			buildActionMask = 2147483647;
			files = (
				6E8167212528A40000670C33 /* Persistence.swift in Sources */,
				6E49DE2725408CB40011B082 /* ProfileView.swift in Sources */,
				6EDCD42A2528F13B00B5B1C6 /* ContentView.swift in Sources */,
				6EDCD43B2528F41300B5B1C6 /* SearchHomeViewModel.swift in Sources */,
				6EDCD4382528F33000B5B1C6 /* SettingsDetailView.swift in Sources */,
				6EDCD43E2528FF7200B5B1C6 /* AddPostView.swift in Sources */,
				6E49DE2B25408D670011B082 /* ProfileViewModel.swift in Sources */,
				6EDCD4422528FF8700B5B1C6 /* AddPostViewModel.swift in Sources */,
				6E81671A2528A3F200670C33 /* SearchHomeView.swift in Sources */,
				6E10E5772529064D003B66F6 /* CommonViews.swift in Sources */,
				6EDCD4302528F2A100B5B1C6 /* SettingsView.swift in Sources */,
				6E8167182528A3F200670C33 /* LikkleApp.swift in Sources */,
				6E8167242528A40000670C33 /* Likkle.xcdatamodeld in Sources */,
				6EDCD4352528F30800B5B1C6 /* SettingsViewModel.swift in Sources */,
			);
			runOnlyForDeploymentPostprocessing = 0;
		};
/* End PBXSourcesBuildPhase section */

/* Begin XCBuildConfiguration section */
		6E8167262528A40000670C33 /* Debug */ = {
			isa = XCBuildConfiguration;
			buildSettings = {
				ALWAYS_SEARCH_USER_PATHS = NO;
				CLANG_ANALYZER_NONNULL = YES;
				CLANG_ANALYZER_NUMBER_OBJECT_CONVERSION = YES_AGGRESSIVE;
				CLANG_CXX_LANGUAGE_STANDARD = "gnu++14";
				CLANG_CXX_LIBRARY = "libc++";
				CLANG_ENABLE_MODULES = YES;
				CLANG_ENABLE_OBJC_ARC = YES;
				CLANG_ENABLE_OBJC_WEAK = YES;
				CLANG_WARN_BLOCK_CAPTURE_AUTORELEASING = YES;
				CLANG_WARN_BOOL_CONVERSION = YES;
				CLANG_WARN_COMMA = YES;
				CLANG_WARN_CONSTANT_CONVERSION = YES;
				CLANG_WARN_DEPRECATED_OBJC_IMPLEMENTATIONS = YES;
				CLANG_WARN_DIRECT_OBJC_ISA_USAGE = YES_ERROR;
				CLANG_WARN_DOCUMENTATION_COMMENTS = YES;
				CLANG_WARN_EMPTY_BODY = YES;
				CLANG_WARN_ENUM_CONVERSION = YES;
				CLANG_WARN_INFINITE_RECURSION = YES;
				CLANG_WARN_INT_CONVERSION = YES;
				CLANG_WARN_NON_LITERAL_NULL_CONVERSION = YES;
				CLANG_WARN_OBJC_IMPLICIT_RETAIN_SELF = YES;
				CLANG_WARN_OBJC_LITERAL_CONVERSION = YES;
				CLANG_WARN_OBJC_ROOT_CLASS = YES_ERROR;
				CLANG_WARN_QUOTED_INCLUDE_IN_FRAMEWORK_HEADER = YES;
				CLANG_WARN_RANGE_LOOP_ANALYSIS = YES;
				CLANG_WARN_STRICT_PROTOTYPES = YES;
				CLANG_WARN_SUSPICIOUS_MOVE = YES;
				CLANG_WARN_UNGUARDED_AVAILABILITY = YES_AGGRESSIVE;
				CLANG_WARN_UNREACHABLE_CODE = YES;
				CLANG_WARN__DUPLICATE_METHOD_MATCH = YES;
				COPY_PHASE_STRIP = NO;
				DEBUG_INFORMATION_FORMAT = dwarf;
				ENABLE_STRICT_OBJC_MSGSEND = YES;
				ENABLE_TESTABILITY = YES;
				GCC_C_LANGUAGE_STANDARD = gnu11;
				GCC_DYNAMIC_NO_PIC = NO;
				GCC_NO_COMMON_BLOCKS = YES;
				GCC_OPTIMIZATION_LEVEL = 0;
				GCC_PREPROCESSOR_DEFINITIONS = (
					"DEBUG=1",
					"$(inherited)",
				);
				GCC_WARN_64_TO_32_BIT_CONVERSION = YES;
				GCC_WARN_ABOUT_RETURN_TYPE = YES_ERROR;
				GCC_WARN_UNDECLARED_SELECTOR = YES;
				GCC_WARN_UNINITIALIZED_AUTOS = YES_AGGRESSIVE;
				GCC_WARN_UNUSED_FUNCTION = YES;
				GCC_WARN_UNUSED_VARIABLE = YES;
				IPHONEOS_DEPLOYMENT_TARGET = 14.0;
				MTL_ENABLE_DEBUG_INFO = INCLUDE_SOURCE;
				MTL_FAST_MATH = YES;
				ONLY_ACTIVE_ARCH = YES;
				SDKROOT = iphoneos;
				SWIFT_ACTIVE_COMPILATION_CONDITIONS = DEBUG;
				SWIFT_OPTIMIZATION_LEVEL = "-Onone";
			};
			name = Debug;
		};
		6E8167272528A40000670C33 /* Release */ = {
			isa = XCBuildConfiguration;
			buildSettings = {
				ALWAYS_SEARCH_USER_PATHS = NO;
				CLANG_ANALYZER_NONNULL = YES;
				CLANG_ANALYZER_NUMBER_OBJECT_CONVERSION = YES_AGGRESSIVE;
				CLANG_CXX_LANGUAGE_STANDARD = "gnu++14";
				CLANG_CXX_LIBRARY = "libc++";
				CLANG_ENABLE_MODULES = YES;
				CLANG_ENABLE_OBJC_ARC = YES;
				CLANG_ENABLE_OBJC_WEAK = YES;
				CLANG_WARN_BLOCK_CAPTURE_AUTORELEASING = YES;
				CLANG_WARN_BOOL_CONVERSION = YES;
				CLANG_WARN_COMMA = YES;
				CLANG_WARN_CONSTANT_CONVERSION = YES;
				CLANG_WARN_DEPRECATED_OBJC_IMPLEMENTATIONS = YES;
				CLANG_WARN_DIRECT_OBJC_ISA_USAGE = YES_ERROR;
				CLANG_WARN_DOCUMENTATION_COMMENTS = YES;
				CLANG_WARN_EMPTY_BODY = YES;
				CLANG_WARN_ENUM_CONVERSION = YES;
				CLANG_WARN_INFINITE_RECURSION = YES;
				CLANG_WARN_INT_CONVERSION = YES;
				CLANG_WARN_NON_LITERAL_NULL_CONVERSION = YES;
				CLANG_WARN_OBJC_IMPLICIT_RETAIN_SELF = YES;
				CLANG_WARN_OBJC_LITERAL_CONVERSION = YES;
				CLANG_WARN_OBJC_ROOT_CLASS = YES_ERROR;
				CLANG_WARN_QUOTED_INCLUDE_IN_FRAMEWORK_HEADER = YES;
				CLANG_WARN_RANGE_LOOP_ANALYSIS = YES;
				CLANG_WARN_STRICT_PROTOTYPES = YES;
				CLANG_WARN_SUSPICIOUS_MOVE = YES;
				CLANG_WARN_UNGUARDED_AVAILABILITY = YES_AGGRESSIVE;
				CLANG_WARN_UNREACHABLE_CODE = YES;
				CLANG_WARN__DUPLICATE_METHOD_MATCH = YES;
				COPY_PHASE_STRIP = NO;
				DEBUG_INFORMATION_FORMAT = "dwarf-with-dsym";
				ENABLE_NS_ASSERTIONS = NO;
				ENABLE_STRICT_OBJC_MSGSEND = YES;
				GCC_C_LANGUAGE_STANDARD = gnu11;
				GCC_NO_COMMON_BLOCKS = YES;
				GCC_WARN_64_TO_32_BIT_CONVERSION = YES;
				GCC_WARN_ABOUT_RETURN_TYPE = YES_ERROR;
				GCC_WARN_UNDECLARED_SELECTOR = YES;
				GCC_WARN_UNINITIALIZED_AUTOS = YES_AGGRESSIVE;
				GCC_WARN_UNUSED_FUNCTION = YES;
				GCC_WARN_UNUSED_VARIABLE = YES;
				IPHONEOS_DEPLOYMENT_TARGET = 14.0;
				MTL_ENABLE_DEBUG_INFO = NO;
				MTL_FAST_MATH = YES;
				SDKROOT = iphoneos;
				SWIFT_COMPILATION_MODE = wholemodule;
				SWIFT_OPTIMIZATION_LEVEL = "-O";
				VALIDATE_PRODUCT = YES;
			};
			name = Release;
		};
		6E8167292528A40000670C33 /* Debug */ = {
			isa = XCBuildConfiguration;
			baseConfigurationReference = 390F090240AA6DD9BF54C1C9 /* Pods-Likkle.debug.xcconfig */;
			buildSettings = {
				ASSETCATALOG_COMPILER_APPICON_NAME = AppIcon;
				ASSETCATALOG_COMPILER_GLOBAL_ACCENT_COLOR_NAME = AccentColor;
				CODE_SIGN_ENTITLEMENTS = Likkle/Likkle.entitlements;
				CODE_SIGN_STYLE = Automatic;
				DEVELOPMENT_ASSET_PATHS = "\"Likkle/Preview Content\"";
				DEVELOPMENT_TEAM = 94P3QHPXMV;
				ENABLE_PREVIEWS = YES;
				INFOPLIST_FILE = Likkle/Info.plist;
				IPHONEOS_DEPLOYMENT_TARGET = 14.0;
				LD_RUNPATH_SEARCH_PATHS = (
					"$(inherited)",
					"@executable_path/Frameworks",
				);
				PRODUCT_BUNDLE_IDENTIFIER = com.DiNerdApps.Likkle;
				PRODUCT_NAME = "$(TARGET_NAME)";
				SWIFT_VERSION = 5.0;
				TARGETED_DEVICE_FAMILY = "1,2";
			};
			name = Debug;
		};
		6E81672A2528A40000670C33 /* Release */ = {
			isa = XCBuildConfiguration;
			baseConfigurationReference = 0703CC8866C8BFB507CE13F4 /* Pods-Likkle.release.xcconfig */;
			buildSettings = {
				ASSETCATALOG_COMPILER_APPICON_NAME = AppIcon;
				ASSETCATALOG_COMPILER_GLOBAL_ACCENT_COLOR_NAME = AccentColor;
				CODE_SIGN_ENTITLEMENTS = Likkle/Likkle.entitlements;
				CODE_SIGN_STYLE = Automatic;
				DEVELOPMENT_ASSET_PATHS = "\"Likkle/Preview Content\"";
				DEVELOPMENT_TEAM = 94P3QHPXMV;
				ENABLE_PREVIEWS = YES;
				INFOPLIST_FILE = Likkle/Info.plist;
				IPHONEOS_DEPLOYMENT_TARGET = 14.0;
				LD_RUNPATH_SEARCH_PATHS = (
					"$(inherited)",
					"@executable_path/Frameworks",
				);
				PRODUCT_BUNDLE_IDENTIFIER = com.DiNerdApps.Likkle;
				PRODUCT_NAME = "$(TARGET_NAME)";
				SWIFT_VERSION = 5.0;
				TARGETED_DEVICE_FAMILY = "1,2";
			};
			name = Release;
		};
/* End XCBuildConfiguration section */

/* Begin XCConfigurationList section */
		6E81670F2528A3F200670C33 /* Build configuration list for PBXProject "Likkle" */ = {
			isa = XCConfigurationList;
			buildConfigurations = (
				6E8167262528A40000670C33 /* Debug */,
				6E8167272528A40000670C33 /* Release */,
			);
			defaultConfigurationIsVisible = 0;
			defaultConfigurationName = Release;
		};
		6E8167282528A40000670C33 /* Build configuration list for PBXNativeTarget "Likkle" */ = {
			isa = XCConfigurationList;
			buildConfigurations = (
				6E8167292528A40000670C33 /* Debug */,
				6E81672A2528A40000670C33 /* Release */,
			);
			defaultConfigurationIsVisible = 0;
			defaultConfigurationName = Release;
		};
/* End XCConfigurationList section */

/* Begin XCVersionGroup section */
		6E8167222528A40000670C33 /* Likkle.xcdatamodeld */ = {
			isa = XCVersionGroup;
			children = (
				6E8167232528A40000670C33 /* Likkle.xcdatamodel */,
			);
			currentVersion = 6E8167232528A40000670C33 /* Likkle.xcdatamodel */;
			path = Likkle.xcdatamodeld;
			sourceTree = "<group>";
			versionGroupType = wrapper.xcdatamodel;
		};
/* End XCVersionGroup section */
	};
	rootObject = 6E81670C2528A3F200670C33 /* Project object */;
}
